<Solution>
  <Folder Name="/Solution Items/">
    <File Path=".gitignore" />
  </Folder>
  <Project Path="SistemaReserva.Application/SistemaReserva.Application.csproj" />
  <Project Path="SistemReserva.API/SistemReserva.API.csproj" />
  <Project Path="SistemReserva.Domain/SistemReserva.Domain.csproj" />
  <Project Path="SistemReserva.InfraIoC/SistemReserva.InfraIoC.csproj" />
  <Project Path="SistemReserva.Infrastructure/SistemReserva.Infrastructure.csproj" />
</Solution>
